// !$*UTF8*$!
{
	archiveVersion = 1;
	classes = {
	};
	objectVersion = 46;
	objects = {

/* Begin PBXBuildFile section */
		6B4F31B8198B10C7009B4667 /* BKCameraController+Simulator.m in Sources */ = {isa = PBXBuildFile; fileRef = 6B4F31B7198B10C7009B4667 /* BKCameraController+Simulator.m */; };
		6BEE0A8F1987255200D73B41 /* BKCameraController.h in CopyFiles */ = {isa = PBXBuildFile; fileRef = 6BEE0A8E1987255200D73B41 /* BKCameraController.h */; };
		6BEE0A911987255200D73B41 /* BKCameraController.m in Sources */ = {isa = PBXBuildFile; fileRef = 6BEE0A901987255200D73B41 /* BKCameraController.m */; };
/* End PBXBuildFile section */

/* Begin PBXCopyFilesBuildPhase section */
		6BEE0A891987255200D73B41 /* CopyFiles */ = {
			isa = PBXCopyFilesBuildPhase;
			buildActionMask = 2147483647;
			dstPath = "include/$(PRODUCT_NAME)";
			dstSubfolderSpec = 16;
			files = (
				6BEE0A8F1987255200D73B41 /* BKCameraController.h in CopyFiles */,
			);
			runOnlyForDeploymentPostprocessing = 0;
		};
/* End PBXCopyFilesBuildPhase section */

/* Begin PBXFileReference section */
		6B4F31B6198B10C7009B4667 /* BKCameraController+Simulator.h */ = {isa = PBXFileReference; fileEncoding = 4; lastKnownFileType = sourcecode.c.h; path = "BKCameraController+Simulator.h"; sourceTree = "<group>"; };
		6B4F31B7198B10C7009B4667 /* BKCameraController+Simulator.m */ = {isa = PBXFileReference; fileEncoding = 4; lastKnownFileType = sourcecode.c.objc; path = "BKCameraController+Simulator.m"; sourceTree = "<group>"; };
		6BEE0A8B1987255200D73B41 /* libBKCameraController.a */ = {isa = PBXFileReference; explicitFileType = archive.ar; includeInIndex = 0; path = libBKCameraController.a; sourceTree = BUILT_PRODUCTS_DIR; };
		6BEE0A8E1987255200D73B41 /* BKCameraController.h */ = {isa = PBXFileReference; lastKnownFileType = sourcecode.c.h; path = BKCameraController.h; sourceTree = "<group>"; };
		6BEE0A901987255200D73B41 /* BKCameraController.m */ = {isa = PBXFileReference; lastKnownFileType = sourcecode.c.objc; path = BKCameraController.m; sourceTree = "<group>"; };
/* End PBXFileReference section */

/* Begin PBXFrameworksBuildPhase section */
		6BEE0A881987255200D73B41 /* Frameworks */ = {
			isa = PBXFrameworksBuildPhase;
			buildActionMask = 2147483647;
			files = (
			);
			runOnlyForDeploymentPostprocessing = 0;
		};
/* End PBXFrameworksBuildPhase section */

/* Begin PBXGroup section */
		6BEE0A821987255200D73B41 = {
			isa = PBXGroup;
			children = (
				6BEE0A8D1987255200D73B41 /* BKCameraController */,
				6BEE0A8C1987255200D73B41 /* Products */,
			);
			sourceTree = "<group>";
		};
		6BEE0A8C1987255200D73B41 /* Products */ = {
			isa = PBXGroup;
			children = (
				6BEE0A8B1987255200D73B41 /* libBKCameraController.a */,
			);
			name = Products;
			sourceTree = "<group>";
		};
		6BEE0A8D1987255200D73B41 /* BKCameraController */ = {
			isa = PBXGroup;
			children = (
				6B4F31B6198B10C7009B4667 /* BKCameraController+Simulator.h */,
				6B4F31B7198B10C7009B4667 /* BKCameraController+Simulator.m */,
				6BEE0A8E1987255200D73B41 /* BKCameraController.h */,
				6BEE0A901987255200D73B41 /* BKCameraController.m */,
			);
			path = BKCameraController;
			sourceTree = "<group>";
		};
/* End PBXGroup section */

/* Begin PBXNativeTarget section */
		6BEE0A8A1987255200D73B41 /* BKCameraController */ = {
			isa = PBXNativeTarget;
			buildConfigurationList = 6BEE0A9F1987255200D73B41 /* Build configuration list for PBXNativeTarget "BKCameraController" */;
			buildPhases = (
				6BEE0A871987255200D73B41 /* Sources */,
				6BEE0A881987255200D73B41 /* Frameworks */,
				6BEE0A891987255200D73B41 /* CopyFiles */,
			);
			buildRules = (
			);
			dependencies = (
			);
			name = BKCameraController;
			productName = BKCameraController;
			productReference = 6BEE0A8B1987255200D73B41 /* libBKCameraController.a */;
			productType = "com.apple.product-type.library.static";
		};
/* End PBXNativeTarget section */

/* Begin PBXProject section */
		6BEE0A831987255200D73B41 /* Project object */ = {
			isa = PBXProject;
			attributes = {
				LastUpgradeCheck = 0600;
				ORGANIZATIONNAME = "650 Industries, Inc.";
				TargetAttributes = {
					6BEE0A8A1987255200D73B41 = {
						CreatedOnToolsVersion = 6.0;
					};
				};
			};
			buildConfigurationList = 6BEE0A861987255200D73B41 /* Build configuration list for PBXProject "BKCameraController" */;
			compatibilityVersion = "Xcode 3.2";
			developmentRegion = English;
			hasScannedForEncodings = 0;
			knownRegions = (
				en,
			);
			mainGroup = 6BEE0A821987255200D73B41;
			productRefGroup = 6BEE0A8C1987255200D73B41 /* Products */;
			projectDirPath = "";
			projectRoot = "";
			targets = (
				6BEE0A8A1987255200D73B41 /* BKCameraController */,
			);
		};
/* End PBXProject section */

/* Begin PBXSourcesBuildPhase section */
		6BEE0A871987255200D73B41 /* Sources */ = {
			isa = PBXSourcesBuildPhase;
			buildActionMask = 2147483647;
			files = (
				6B4F31B8198B10C7009B4667 /* BKCameraController+Simulator.m in Sources */,
				6BEE0A911987255200D73B41 /* BKCameraController.m in Sources */,
			);
			runOnlyForDeploymentPostprocessing = 0;
		};
/* End PBXSourcesBuildPhase section */

/* Begin XCBuildConfiguration section */
		6BEE0A9D1987255200D73B41 /* Debug */ = {
			isa = XCBuildConfiguration;
			buildSettings = {
				ALWAYS_SEARCH_USER_PATHS = NO;
				CLANG_CXX_LANGUAGE_STANDARD = "gnu++0x";
				CLANG_CXX_LIBRARY = "libc++";
				CLANG_ENABLE_MODULES = YES;
				CLANG_ENABLE_OBJC_ARC = YES;
				CLANG_WARN_BOOL_CONVERSION = YES;
				CLANG_WARN_CONSTANT_CONVERSION = YES;
				CLANG_WARN_DIRECT_OBJC_ISA_USAGE = YES_ERROR;
				CLANG_WARN_EMPTY_BODY = YES;
				CLANG_WARN_ENUM_CONVERSION = YES;
				CLANG_WARN_INT_CONVERSION = YES;
				CLANG_WARN_OBJC_ROOT_CLASS = YES_ERROR;
				CLANG_WARN_UNREACHABLE_CODE = YES;
				CLANG_WARN__DUPLICATE_METHOD_MATCH = YES;
				COPY_PHASE_STRIP = NO;
				ENABLE_STRICT_OBJC_MSGSEND = YES;
				GCC_C_LANGUAGE_STANDARD = gnu99;
				GCC_DYNAMIC_NO_PIC = NO;
				GCC_OPTIMIZATION_LEVEL = 0;
				GCC_PREPROCESSOR_DEFINITIONS = (
					"DEBUG=1",
					"$(inherited)",
				);
				GCC_SYMBOLS_PRIVATE_EXTERN = NO;
				GCC_WARN_64_TO_32_BIT_CONVERSION = YES;
				GCC_WARN_ABOUT_RETURN_TYPE = YES_ERROR;
				GCC_WARN_UNDECLARED_SELECTOR = YES;
				GCC_WARN_UNINITIALIZED_AUTOS = YES_AGGRESSIVE;
				GCC_WARN_UNUSED_FUNCTION = YES;
				GCC_WARN_UNUSED_VARIABLE = YES;
				IPHONEOS_DEPLOYMENT_TARGET = 7.0;
				MTL_ENABLE_DEBUG_INFO = YES;
				ONLY_ACTIVE_ARCH = YES;
				SDKROOT = iphoneos;
			};
			name = Debug;
		};
		6BEE0A9E1987255200D73B41 /* Release */ = {
			isa = XCBuildConfiguration;
			buildSettings = {
				ALWAYS_SEARCH_USER_PATHS = NO;
				CLANG_CXX_LANGUAGE_STANDARD = "gnu++0x";
				CLANG_CXX_LIBRARY = "libc++";
				CLANG_ENABLE_MODULES = YES;
				CLANG_ENABLE_OBJC_ARC = YES;
				CLANG_WARN_BOOL_CONVERSION = YES;
				CLANG_WARN_CONSTANT_CONVERSION = YES;
				CLANG_WARN_DIRECT_OBJC_ISA_USAGE = YES_ERROR;
				CLANG_WARN_EMPTY_BODY = YES;
				CLANG_WARN_ENUM_CONVERSION = YES;
				CLANG_WARN_INT_CONVERSION = YES;
				CLANG_WARN_OBJC_ROOT_CLASS = YES_ERROR;
				CLANG_WARN_UNREACHABLE_CODE = YES;
				CLANG_WARN__DUPLICATE_METHOD_MATCH = YES;
				COPY_PHASE_STRIP = YES;
				ENABLE_NS_ASSERTIONS = NO;
				ENABLE_STRICT_OBJC_MSGSEND = YES;
				GCC_C_LANGUAGE_STANDARD = gnu99;
				GCC_WARN_64_TO_32_BIT_CONVERSION = YES;
				GCC_WARN_ABOUT_RETURN_TYPE = YES_ERROR;
				GCC_WARN_UNDECLARED_SELECTOR = YES;
				GCC_WARN_UNINITIALIZED_AUTOS = YES_AGGRESSIVE;
				GCC_WARN_UNUSED_FUNCTION = YES;
				GCC_WARN_UNUSED_VARIABLE = YES;
				IPHONEOS_DEPLOYMENT_TARGET = 7.0;
				MTL_ENABLE_DEBUG_INFO = NO;
				SDKROOT = iphoneos;
				VALIDATE_PRODUCT = YES;
			};
			name = Release;
		};
		6BEE0AA01987255200D73B41 /* Debug */ = {
			isa = XCBuildConfiguration;
			buildSettings = {
				OTHER_LDFLAGS = "-ObjC";
				PRODUCT_NAME = "$(TARGET_NAME)";
				SKIP_INSTALL = YES;
			};
			name = Debug;
		};
		6BEE0AA11987255200D73B41 /* Release */ = {
			isa = XCBuildConfiguration;
			buildSettings = {
				OTHER_LDFLAGS = "-ObjC";
				PRODUCT_NAME = "$(TARGET_NAME)";
				SKIP_INSTALL = YES;
			};
			name = Release;
		};
/* End XCBuildConfiguration section */

/* Begin XCConfigurationList section */
		6BEE0A861987255200D73B41 /* Build configuration list for PBXProject "BKCameraController" */ = {
			isa = XCConfigurationList;
			buildConfigurations = (
				6BEE0A9D1987255200D73B41 /* Debug */,
				6BEE0A9E1987255200D73B41 /* Release */,
			);
			defaultConfigurationIsVisible = 0;
			defaultConfigurationName = Release;
		};
		6BEE0A9F1987255200D73B41 /* Build configuration list for PBXNativeTarget "BKCameraController" */ = {
			isa = XCConfigurationList;
			buildConfigurations = (
				6BEE0AA01987255200D73B41 /* Debug */,
				6BEE0AA11987255200D73B41 /* Release */,
			);
			defaultConfigurationIsVisible = 0;
			defaultConfigurationName = Release;
		};
/* End XCConfigurationList section */
	};
	rootObject = 6BEE0A831987255200D73B41 /* Project object */;
}
